
Microsoft Visual Studio Solution File, Format Version 12.00
# Visual Studio Version 16
VisualStudioVersion = 16.0.30204.135
MinimumVisualStudioVersion = 10.0.40219.1
Project("{FAE04EC0-301F-11D3-BF4B-00C04F79EFBC}") = "FruitFactory", "FruitFactory.csproj", "{04D87F67-02C3-44B0-BF9F-AF9E75F1D0D4}"
EndProject
Project("{FAE04EC0-301F-11D3-BF4B-00C04F79EFBC}") = "Fruits", "..\Fruits\Fruits.csproj", "{2F0CC992-7EFD-4434-A204-5E9A286B3C3A}"
EndProject
Global
	GlobalSection(SolutionConfigurationPlatforms) = preSolution
		Debug|Any CPU = Debug|Any CPU
		Release|Any CPU = Release|Any CPU
	EndGlobalSection
	GlobalSection(ProjectConfigurationPlatforms) = postSolution
		{04D87F67-02C3-44B0-BF9F-AF9E75F1D0D4}.Debug|Any CPU.ActiveCfg = Debug|Any CPU
		{04D87F67-02C3-44B0-BF9F-AF9E75F1D0D4}.Debug|Any CPU.Build.0 = Debug|Any CPU
		{04D87F67-02C3-44B0-BF9F-AF9E75F1D0D4}.Release|Any CPU.ActiveCfg = Release|Any CPU
		{04D87F67-02C3-44B0-BF9F-AF9E75F1D0D4}.Release|Any CPU.Build.0 = Release|Any CPU
		{2F0CC992-7EFD-4434-A204-5E9A286B3C3A}.Debug|Any CPU.ActiveCfg = Debug|Any CPU
		{2F0CC992-7EFD-4434-A204-5E9A286B3C3A}.Debug|Any CPU.Build.0 = Debug|Any CPU
		{2F0CC992-7EFD-4434-A204-5E9A286B3C3A}.Release|Any CPU.ActiveCfg = Release|Any CPU
		{2F0CC992-7EFD-4434-A204-5E9A286B3C3A}.Release|Any CPU.Build.0 = Release|Any CPU
	EndGlobalSection
	GlobalSection(SolutionProperties) = preSolution
		HideSolutionNode = FALSE
	EndGlobalSection
	GlobalSection(ExtensibilityGlobals) = postSolution
		SolutionGuid = {5A5BE690-8571-498A-90D1-A67833159E0A}
	EndGlobalSection
EndGlobal
